
Microsoft Visual Studio Solution File, Format Version 12.00
# Visual Studio Version 16
VisualStudioVersion = 16.0.31515.178
MinimumVisualStudioVersion = 10.0.40219.1
Project("{FAE04EC0-301F-11D3-BF4B-00C04F79EFBC}") = "TestingSystem", "TestingSystem\TestingSystem.csproj", "{1087A109-E964-4700-B297-6C5AA61D9651}"
EndProject
Project("{FAE04EC0-301F-11D3-BF4B-00C04F79EFBC}") = "WPFForTesting", "WPFForTesting\WPFForTesting.csproj", "{63BF41F8-BE62-4A23-A3CB-33BD2F830EC2}"
EndProject
Global
	GlobalSection(SolutionConfigurationPlatforms) = preSolution
		Debug|Any CPU = Debug|Any CPU
		Release|Any CPU = Release|Any CPU
	EndGlobalSection
	GlobalSection(ProjectConfigurationPlatforms) = postSolution
		{1087A109-E964-4700-B297-6C5AA61D9651}.Debug|Any CPU.ActiveCfg = Debug|Any CPU
		{1087A109-E964-4700-B297-6C5AA61D9651}.Debug|Any CPU.Build.0 = Debug|Any CPU
		{1087A109-E964-4700-B297-6C5AA61D9651}.Release|Any CPU.ActiveCfg = Release|Any CPU
		{1087A109-E964-4700-B297-6C5AA61D9651}.Release|Any CPU.Build.0 = Release|Any CPU
		{63BF41F8-BE62-4A23-A3CB-33BD2F830EC2}.Debug|Any CPU.ActiveCfg = Debug|Any CPU
		{63BF41F8-BE62-4A23-A3CB-33BD2F830EC2}.Debug|Any CPU.Build.0 = Debug|Any CPU
		{63BF41F8-BE62-4A23-A3CB-33BD2F830EC2}.Release|Any CPU.ActiveCfg = Release|Any CPU
		{63BF41F8-BE62-4A23-A3CB-33BD2F830EC2}.Release|Any CPU.Build.0 = Release|Any CPU
	EndGlobalSection
	GlobalSection(SolutionProperties) = preSolution
		HideSolutionNode = FALSE
	EndGlobalSection
	GlobalSection(ExtensibilityGlobals) = postSolution
		SolutionGuid = {7F550D6A-0E4A-44FA-B7AA-3D0DA8995715}
	EndGlobalSection
EndGlobal
